
Microsoft Visual Studio Solution File, Format Version 12.00
# Visual Studio Version 17
VisualStudioVersion = 17.5.33516.290
MinimumVisualStudioVersion = 10.0.40219.1
Project("{FAE04EC0-301F-11D3-BF4B-00C04F79EFBC}") = "TryToTrie", "TryToTrie.csproj", "{C0880D11-232A-410C-B7E3-8487AF645C39}"
EndProject
Project("{FAE04EC0-301F-11D3-BF4B-00C04F79EFBC}") = "TryToTrie.Test", "TryToTrie.Test\TryToTrie.Test.csproj", "{1BF14AEA-973D-40F8-83D3-26EF8C284A76}"
EndProject
Project("{FAE04EC0-301F-11D3-BF4B-00C04F79EFBC}") = "TryToTrie.PerformanceTest", "TryToTrie.PerformanceTest\TryToTrie.PerformanceTest.csproj", "{AF956BD4-7E4C-48B7-AEF1-3C521ADD1571}"
EndProject
Global
	GlobalSection(SolutionConfigurationPlatforms) = preSolution
		Debug|Any CPU = Debug|Any CPU
		Release|Any CPU = Release|Any CPU
	EndGlobalSection
	GlobalSection(ProjectConfigurationPlatforms) = postSolution
		{C0880D11-232A-410C-B7E3-8487AF645C39}.Debug|Any CPU.ActiveCfg = Debug|Any CPU
		{C0880D11-232A-410C-B7E3-8487AF645C39}.Debug|Any CPU.Build.0 = Debug|Any CPU
		{C0880D11-232A-410C-B7E3-8487AF645C39}.Release|Any CPU.ActiveCfg = Release|Any CPU
		{C0880D11-232A-410C-B7E3-8487AF645C39}.Release|Any CPU.Build.0 = Release|Any CPU
		{1BF14AEA-973D-40F8-83D3-26EF8C284A76}.Debug|Any CPU.ActiveCfg = Debug|Any CPU
		{1BF14AEA-973D-40F8-83D3-26EF8C284A76}.Debug|Any CPU.Build.0 = Debug|Any CPU
		{1BF14AEA-973D-40F8-83D3-26EF8C284A76}.Release|Any CPU.ActiveCfg = Release|Any CPU
		{1BF14AEA-973D-40F8-83D3-26EF8C284A76}.Release|Any CPU.Build.0 = Release|Any CPU
		{AF956BD4-7E4C-48B7-AEF1-3C521ADD1571}.Debug|Any CPU.ActiveCfg = Debug|Any CPU
		{AF956BD4-7E4C-48B7-AEF1-3C521ADD1571}.Debug|Any CPU.Build.0 = Debug|Any CPU
		{AF956BD4-7E4C-48B7-AEF1-3C521ADD1571}.Release|Any CPU.ActiveCfg = Release|Any CPU
		{AF956BD4-7E4C-48B7-AEF1-3C521ADD1571}.Release|Any CPU.Build.0 = Release|Any CPU
	EndGlobalSection
	GlobalSection(SolutionProperties) = preSolution
		HideSolutionNode = FALSE
	EndGlobalSection
	GlobalSection(ExtensibilityGlobals) = postSolution
		SolutionGuid = {96ACEED3-D5F0-4D28-8360-70AE5F2173EA}
	EndGlobalSection
EndGlobal
